{
  "name": "beach",
  "version": "1.0.0",
  "lockfileVersion": 2,
  "requires": true,
  "packages": {
    "": {
      "name": "beach",
      "version": "1.0.0",
      "license": "ISC",
      "dependencies": {
        "twgl.js": "^4.17.0"
      }
    },
    "node_modules/twgl.js": {
      "version": "4.17.0",
      "resolved": "https://registry.npmjs.org/twgl.js/-/twgl.js-4.17.0.tgz",
      "integrity": "sha512-FN4CWvqdDtFuIzeE+uCLeftPKuar0BU/SXuXGiAmCsxEF5CxWIRMVxJs8caBPUzBTWn3NEdOcY2M5bhxlL6hZA=="
    }
  },
  "dependencies": {
    "twgl.js": {
      "version": "4.17.0",
      "resolved": "https://registry.npmjs.org/twgl.js/-/twgl.js-4.17.0.tgz",
      "integrity": "sha512-FN4CWvqdDtFuIzeE+uCLeftPKuar0BU/SXuXGiAmCsxEF5CxWIRMVxJs8caBPUzBTWn3NEdOcY2M5bhxlL6hZA=="
    }
  }
}
